// !$*UTF8*$!
{
	archiveVersion = 1;
	classes = {
	};
	objectVersion = 56;
	objects = {

/* Begin PBXBuildFile section */
		EE08277E2B6FF7FB001585D4 /* ViewsMasteryApp.swift in Sources */ = {isa = PBXBuildFile; fileRef = EE08277D2B6FF7FB001585D4 /* ViewsMasteryApp.swift */; };
		EE0827802B6FF7FB001585D4 /* GridView.swift in Sources */ = {isa = PBXBuildFile; fileRef = EE08277F2B6FF7FB001585D4 /* GridView.swift */; };
		EE0827822B6FF7FD001585D4 /* Assets.xcassets in Resources */ = {isa = PBXBuildFile; fileRef = EE0827812B6FF7FD001585D4 /* Assets.xcassets */; };
		EE0827852B6FF7FD001585D4 /* Preview Assets.xcassets in Resources */ = {isa = PBXBuildFile; fileRef = EE0827842B6FF7FD001585D4 /* Preview Assets.xcassets */; };
		EE08278D2B714407001585D4 /* ScrollViewReaderBootCamp.swift in Sources */ = {isa = PBXBuildFile; fileRef = EE08278C2B714407001585D4 /* ScrollViewReaderBootCamp.swift */; };
		EE08278F2B71472A001585D4 /* ControlGroupBootCamp.swift in Sources */ = {isa = PBXBuildFile; fileRef = EE08278E2B71472A001585D4 /* ControlGroupBootCamp.swift */; };
		EE0827912B720F92001585D4 /* ViewThatFitsBootCamp.swift in Sources */ = {isa = PBXBuildFile; fileRef = EE0827902B720F92001585D4 /* ViewThatFitsBootCamp.swift */; };
		EE0827932B721161001585D4 /* ContainerRelativeFrameBootCamp.swift in Sources */ = {isa = PBXBuildFile; fileRef = EE0827922B721161001585D4 /* ContainerRelativeFrameBootCamp.swift */; };
/* End PBXBuildFile section */

/* Begin PBXFileReference section */
		EE08277A2B6FF7FB001585D4 /* ViewsMastery.app */ = {isa = PBXFileReference; explicitFileType = wrapper.application; includeInIndex = 0; path = ViewsMastery.app; sourceTree = BUILT_PRODUCTS_DIR; };
		EE08277D2B6FF7FB001585D4 /* ViewsMasteryApp.swift */ = {isa = PBXFileReference; lastKnownFileType = sourcecode.swift; path = ViewsMasteryApp.swift; sourceTree = "<group>"; };
		EE08277F2B6FF7FB001585D4 /* GridView.swift */ = {isa = PBXFileReference; lastKnownFileType = sourcecode.swift; path = GridView.swift; sourceTree = "<group>"; };
		EE0827812B6FF7FD001585D4 /* Assets.xcassets */ = {isa = PBXFileReference; lastKnownFileType = folder.assetcatalog; path = Assets.xcassets; sourceTree = "<group>"; };
		EE0827842B6FF7FD001585D4 /* Preview Assets.xcassets */ = {isa = PBXFileReference; lastKnownFileType = folder.assetcatalog; path = "Preview Assets.xcassets"; sourceTree = "<group>"; };
		EE08278C2B714407001585D4 /* ScrollViewReaderBootCamp.swift */ = {isa = PBXFileReference; lastKnownFileType = sourcecode.swift; path = ScrollViewReaderBootCamp.swift; sourceTree = "<group>"; };
		EE08278E2B71472A001585D4 /* ControlGroupBootCamp.swift */ = {isa = PBXFileReference; lastKnownFileType = sourcecode.swift; path = ControlGroupBootCamp.swift; sourceTree = "<group>"; };
		EE0827902B720F92001585D4 /* ViewThatFitsBootCamp.swift */ = {isa = PBXFileReference; lastKnownFileType = sourcecode.swift; path = ViewThatFitsBootCamp.swift; sourceTree = "<group>"; };
		EE0827922B721161001585D4 /* ContainerRelativeFrameBootCamp.swift */ = {isa = PBXFileReference; lastKnownFileType = sourcecode.swift; path = ContainerRelativeFrameBootCamp.swift; sourceTree = "<group>"; };
/* End PBXFileReference section */

/* Begin PBXFrameworksBuildPhase section */
		EE0827772B6FF7FB001585D4 /* Frameworks */ = {
			isa = PBXFrameworksBuildPhase;
			buildActionMask = 2147483647;
			files = (
			);
			runOnlyForDeploymentPostprocessing = 0;
		};
/* End PBXFrameworksBuildPhase section */

/* Begin PBXGroup section */
		EE0827712B6FF7FB001585D4 = {
			isa = PBXGroup;
			children = (
				EE08277C2B6FF7FB001585D4 /* ViewsMastery */,
				EE08277B2B6FF7FB001585D4 /* Products */,
			);
			sourceTree = "<group>";
		};
		EE08277B2B6FF7FB001585D4 /* Products */ = {
			isa = PBXGroup;
			children = (
				EE08277A2B6FF7FB001585D4 /* ViewsMastery.app */,
			);
			name = Products;
			sourceTree = "<group>";
		};
		EE08277C2B6FF7FB001585D4 /* ViewsMastery */ = {
			isa = PBXGroup;
			children = (
				EE08277D2B6FF7FB001585D4 /* ViewsMasteryApp.swift */,
				EE08278B2B713771001585D4 /* Layout Views */,
				EE0827812B6FF7FD001585D4 /* Assets.xcassets */,
				EE0827832B6FF7FD001585D4 /* Preview Content */,
			);
			path = ViewsMastery;
			sourceTree = "<group>";
		};
		EE0827832B6FF7FD001585D4 /* Preview Content */ = {
			isa = PBXGroup;
			children = (
				EE0827842B6FF7FD001585D4 /* Preview Assets.xcassets */,
			);
			path = "Preview Content";
			sourceTree = "<group>";
		};
		EE08278B2B713771001585D4 /* Layout Views */ = {
			isa = PBXGroup;
			children = (
				EE08277F2B6FF7FB001585D4 /* GridView.swift */,
				EE08278C2B714407001585D4 /* ScrollViewReaderBootCamp.swift */,
				EE08278E2B71472A001585D4 /* ControlGroupBootCamp.swift */,
				EE0827902B720F92001585D4 /* ViewThatFitsBootCamp.swift */,
				EE0827922B721161001585D4 /* ContainerRelativeFrameBootCamp.swift */,
			);
			path = "Layout Views";
			sourceTree = "<group>";
		};
/* End PBXGroup section */

/* Begin PBXNativeTarget section */
		EE0827792B6FF7FB001585D4 /* ViewsMastery */ = {
			isa = PBXNativeTarget;
			buildConfigurationList = EE0827882B6FF7FD001585D4 /* Build configuration list for PBXNativeTarget "ViewsMastery" */;
			buildPhases = (
				EE0827762B6FF7FB001585D4 /* Sources */,
				EE0827772B6FF7FB001585D4 /* Frameworks */,
				EE0827782B6FF7FB001585D4 /* Resources */,
			);
			buildRules = (
			);
			dependencies = (
			);
			name = ViewsMastery;
			productName = ViewsMastery;
			productReference = EE08277A2B6FF7FB001585D4 /* ViewsMastery.app */;
			productType = "com.apple.product-type.application";
		};
/* End PBXNativeTarget section */

/* Begin PBXProject section */
		EE0827722B6FF7FB001585D4 /* Project object */ = {
			isa = PBXProject;
			attributes = {
				BuildIndependentTargetsInParallel = 1;
				LastSwiftUpdateCheck = 1510;
				LastUpgradeCheck = 1510;
				TargetAttributes = {
					EE0827792B6FF7FB001585D4 = {
						CreatedOnToolsVersion = 15.1;
					};
				};
			};
			buildConfigurationList = EE0827752B6FF7FB001585D4 /* Build configuration list for PBXProject "ViewsMastery" */;
			compatibilityVersion = "Xcode 14.0";
			developmentRegion = en;
			hasScannedForEncodings = 0;
			knownRegions = (
				en,
				Base,
			);
			mainGroup = EE0827712B6FF7FB001585D4;
			productRefGroup = EE08277B2B6FF7FB001585D4 /* Products */;
			projectDirPath = "";
			projectRoot = "";
			targets = (
				EE0827792B6FF7FB001585D4 /* ViewsMastery */,
			);
		};
/* End PBXProject section */

/* Begin PBXResourcesBuildPhase section */
		EE0827782B6FF7FB001585D4 /* Resources */ = {
			isa = PBXResourcesBuildPhase;
			buildActionMask = 2147483647;
			files = (
				EE0827852B6FF7FD001585D4 /* Preview Assets.xcassets in Resources */,
				EE0827822B6FF7FD001585D4 /* Assets.xcassets in Resources */,
			);
			runOnlyForDeploymentPostprocessing = 0;
		};
/* End PBXResourcesBuildPhase section */

/* Begin PBXSourcesBuildPhase section */
		EE0827762B6FF7FB001585D4 /* Sources */ = {
			isa = PBXSourcesBuildPhase;
			buildActionMask = 2147483647;
			files = (
				EE0827932B721161001585D4 /* ContainerRelativeFrameBootCamp.swift in Sources */,
				EE0827912B720F92001585D4 /* ViewThatFitsBootCamp.swift in Sources */,
				EE08278F2B71472A001585D4 /* ControlGroupBootCamp.swift in Sources */,
				EE08278D2B714407001585D4 /* ScrollViewReaderBootCamp.swift in Sources */,
				EE0827802B6FF7FB001585D4 /* GridView.swift in Sources */,
				EE08277E2B6FF7FB001585D4 /* ViewsMasteryApp.swift in Sources */,
			);
			runOnlyForDeploymentPostprocessing = 0;
		};
/* End PBXSourcesBuildPhase section */

/* Begin XCBuildConfiguration section */
		EE0827862B6FF7FD001585D4 /* Debug */ = {
			isa = XCBuildConfiguration;
			buildSettings = {
				ALWAYS_SEARCH_USER_PATHS = NO;
				ASSETCATALOG_COMPILER_GENERATE_SWIFT_ASSET_SYMBOL_EXTENSIONS = YES;
				CLANG_ANALYZER_NONNULL = YES;
				CLANG_ANALYZER_NUMBER_OBJECT_CONVERSION = YES_AGGRESSIVE;
				CLANG_CXX_LANGUAGE_STANDARD = "gnu++20";
				CLANG_ENABLE_MODULES = YES;
				CLANG_ENABLE_OBJC_ARC = YES;
				CLANG_ENABLE_OBJC_WEAK = YES;
				CLANG_WARN_BLOCK_CAPTURE_AUTORELEASING = YES;
				CLANG_WARN_BOOL_CONVERSION = YES;
				CLANG_WARN_COMMA = YES;
				CLANG_WARN_CONSTANT_CONVERSION = YES;
				CLANG_WARN_DEPRECATED_OBJC_IMPLEMENTATIONS = YES;
				CLANG_WARN_DIRECT_OBJC_ISA_USAGE = YES_ERROR;
				CLANG_WARN_DOCUMENTATION_COMMENTS = YES;
				CLANG_WARN_EMPTY_BODY = YES;
				CLANG_WARN_ENUM_CONVERSION = YES;
				CLANG_WARN_INFINITE_RECURSION = YES;
				CLANG_WARN_INT_CONVERSION = YES;
				CLANG_WARN_NON_LITERAL_NULL_CONVERSION = YES;
				CLANG_WARN_OBJC_IMPLICIT_RETAIN_SELF = YES;
				CLANG_WARN_OBJC_LITERAL_CONVERSION = YES;
				CLANG_WARN_OBJC_ROOT_CLASS = YES_ERROR;
				CLANG_WARN_QUOTED_INCLUDE_IN_FRAMEWORK_HEADER = YES;
				CLANG_WARN_RANGE_LOOP_ANALYSIS = YES;
				CLANG_WARN_STRICT_PROTOTYPES = YES;
				CLANG_WARN_SUSPICIOUS_MOVE = YES;
				CLANG_WARN_UNGUARDED_AVAILABILITY = YES_AGGRESSIVE;
				CLANG_WARN_UNREACHABLE_CODE = YES;
				CLANG_WARN__DUPLICATE_METHOD_MATCH = YES;
				COPY_PHASE_STRIP = NO;
				DEBUG_INFORMATION_FORMAT = dwarf;
				ENABLE_STRICT_OBJC_MSGSEND = YES;
				ENABLE_TESTABILITY = YES;
				ENABLE_USER_SCRIPT_SANDBOXING = YES;
				GCC_C_LANGUAGE_STANDARD = gnu17;
				GCC_DYNAMIC_NO_PIC = NO;
				GCC_NO_COMMON_BLOCKS = YES;
				GCC_OPTIMIZATION_LEVEL = 0;
				GCC_PREPROCESSOR_DEFINITIONS = (
					"DEBUG=1",
					"$(inherited)",
				);
				GCC_WARN_64_TO_32_BIT_CONVERSION = YES;
				GCC_WARN_ABOUT_RETURN_TYPE = YES_ERROR;
				GCC_WARN_UNDECLARED_SELECTOR = YES;
				GCC_WARN_UNINITIALIZED_AUTOS = YES_AGGRESSIVE;
				GCC_WARN_UNUSED_FUNCTION = YES;
				GCC_WARN_UNUSED_VARIABLE = YES;
				IPHONEOS_DEPLOYMENT_TARGET = 17.2;
				LOCALIZATION_PREFERS_STRING_CATALOGS = YES;
				MTL_ENABLE_DEBUG_INFO = INCLUDE_SOURCE;
				MTL_FAST_MATH = YES;
				ONLY_ACTIVE_ARCH = YES;
				SDKROOT = iphoneos;
				SWIFT_ACTIVE_COMPILATION_CONDITIONS = "DEBUG $(inherited)";
				SWIFT_OPTIMIZATION_LEVEL = "-Onone";
			};
			name = Debug;
		};
		EE0827872B6FF7FD001585D4 /* Release */ = {
			isa = XCBuildConfiguration;
			buildSettings = {
				ALWAYS_SEARCH_USER_PATHS = NO;
				ASSETCATALOG_COMPILER_GENERATE_SWIFT_ASSET_SYMBOL_EXTENSIONS = YES;
				CLANG_ANALYZER_NONNULL = YES;
				CLANG_ANALYZER_NUMBER_OBJECT_CONVERSION = YES_AGGRESSIVE;
				CLANG_CXX_LANGUAGE_STANDARD = "gnu++20";
				CLANG_ENABLE_MODULES = YES;
				CLANG_ENABLE_OBJC_ARC = YES;
				CLANG_ENABLE_OBJC_WEAK = YES;
				CLANG_WARN_BLOCK_CAPTURE_AUTORELEASING = YES;
				CLANG_WARN_BOOL_CONVERSION = YES;
				CLANG_WARN_COMMA = YES;
				CLANG_WARN_CONSTANT_CONVERSION = YES;
				CLANG_WARN_DEPRECATED_OBJC_IMPLEMENTATIONS = YES;
				CLANG_WARN_DIRECT_OBJC_ISA_USAGE = YES_ERROR;
				CLANG_WARN_DOCUMENTATION_COMMENTS = YES;
				CLANG_WARN_EMPTY_BODY = YES;
				CLANG_WARN_ENUM_CONVERSION = YES;
				CLANG_WARN_INFINITE_RECURSION = YES;
				CLANG_WARN_INT_CONVERSION = YES;
				CLANG_WARN_NON_LITERAL_NULL_CONVERSION = YES;
				CLANG_WARN_OBJC_IMPLICIT_RETAIN_SELF = YES;
				CLANG_WARN_OBJC_LITERAL_CONVERSION = YES;
				CLANG_WARN_OBJC_ROOT_CLASS = YES_ERROR;
				CLANG_WARN_QUOTED_INCLUDE_IN_FRAMEWORK_HEADER = YES;
				CLANG_WARN_RANGE_LOOP_ANALYSIS = YES;
				CLANG_WARN_STRICT_PROTOTYPES = YES;
				CLANG_WARN_SUSPICIOUS_MOVE = YES;
				CLANG_WARN_UNGUARDED_AVAILABILITY = YES_AGGRESSIVE;
				CLANG_WARN_UNREACHABLE_CODE = YES;
				CLANG_WARN__DUPLICATE_METHOD_MATCH = YES;
				COPY_PHASE_STRIP = NO;
				DEBUG_INFORMATION_FORMAT = "dwarf-with-dsym";
				ENABLE_NS_ASSERTIONS = NO;
				ENABLE_STRICT_OBJC_MSGSEND = YES;
				ENABLE_USER_SCRIPT_SANDBOXING = YES;
				GCC_C_LANGUAGE_STANDARD = gnu17;
				GCC_NO_COMMON_BLOCKS = YES;
				GCC_WARN_64_TO_32_BIT_CONVERSION = YES;
				GCC_WARN_ABOUT_RETURN_TYPE = YES_ERROR;
				GCC_WARN_UNDECLARED_SELECTOR = YES;
				GCC_WARN_UNINITIALIZED_AUTOS = YES_AGGRESSIVE;
				GCC_WARN_UNUSED_FUNCTION = YES;
				GCC_WARN_UNUSED_VARIABLE = YES;
				IPHONEOS_DEPLOYMENT_TARGET = 17.2;
				LOCALIZATION_PREFERS_STRING_CATALOGS = YES;
				MTL_ENABLE_DEBUG_INFO = NO;
				MTL_FAST_MATH = YES;
				SDKROOT = iphoneos;
				SWIFT_COMPILATION_MODE = wholemodule;
				VALIDATE_PRODUCT = YES;
			};
			name = Release;
		};
		EE0827892B6FF7FD001585D4 /* Debug */ = {
			isa = XCBuildConfiguration;
			buildSettings = {
				ASSETCATALOG_COMPILER_APPICON_NAME = AppIcon;
				ASSETCATALOG_COMPILER_GLOBAL_ACCENT_COLOR_NAME = AccentColor;
				CODE_SIGN_STYLE = Automatic;
				CURRENT_PROJECT_VERSION = 1;
				DEVELOPMENT_ASSET_PATHS = "\"ViewsMastery/Preview Content\"";
				DEVELOPMENT_TEAM = DM99567GG6;
				ENABLE_PREVIEWS = YES;
				GENERATE_INFOPLIST_FILE = YES;
				INFOPLIST_KEY_UIApplicationSceneManifest_Generation = YES;
				INFOPLIST_KEY_UIApplicationSupportsIndirectInputEvents = YES;
				INFOPLIST_KEY_UILaunchScreen_Generation = YES;
				INFOPLIST_KEY_UISupportedInterfaceOrientations_iPad = "UIInterfaceOrientationPortrait UIInterfaceOrientationPortraitUpsideDown UIInterfaceOrientationLandscapeLeft UIInterfaceOrientationLandscapeRight";
				INFOPLIST_KEY_UISupportedInterfaceOrientations_iPhone = "UIInterfaceOrientationPortrait UIInterfaceOrientationLandscapeLeft UIInterfaceOrientationLandscapeRight";
				LD_RUNPATH_SEARCH_PATHS = (
					"$(inherited)",
					"@executable_path/Frameworks",
				);
				MARKETING_VERSION = 1.0;
				PRODUCT_BUNDLE_IDENTIFIER = com.bisckoot.ViewsMastery;
				PRODUCT_NAME = "$(TARGET_NAME)";
				SWIFT_EMIT_LOC_STRINGS = YES;
				SWIFT_VERSION = 5.0;
				TARGETED_DEVICE_FAMILY = "1,2";
			};
			name = Debug;
		};
		EE08278A2B6FF7FD001585D4 /* Release */ = {
			isa = XCBuildConfiguration;
			buildSettings = {
				ASSETCATALOG_COMPILER_APPICON_NAME = AppIcon;
				ASSETCATALOG_COMPILER_GLOBAL_ACCENT_COLOR_NAME = AccentColor;
				CODE_SIGN_STYLE = Automatic;
				CURRENT_PROJECT_VERSION = 1;
				DEVELOPMENT_ASSET_PATHS = "\"ViewsMastery/Preview Content\"";
				DEVELOPMENT_TEAM = DM99567GG6;
				ENABLE_PREVIEWS = YES;
				GENERATE_INFOPLIST_FILE = YES;
				INFOPLIST_KEY_UIApplicationSceneManifest_Generation = YES;
				INFOPLIST_KEY_UIApplicationSupportsIndirectInputEvents = YES;
				INFOPLIST_KEY_UILaunchScreen_Generation = YES;
				INFOPLIST_KEY_UISupportedInterfaceOrientations_iPad = "UIInterfaceOrientationPortrait UIInterfaceOrientationPortraitUpsideDown UIInterfaceOrientationLandscapeLeft UIInterfaceOrientationLandscapeRight";
				INFOPLIST_KEY_UISupportedInterfaceOrientations_iPhone = "UIInterfaceOrientationPortrait UIInterfaceOrientationLandscapeLeft UIInterfaceOrientationLandscapeRight";
				LD_RUNPATH_SEARCH_PATHS = (
					"$(inherited)",
					"@executable_path/Frameworks",
				);
				MARKETING_VERSION = 1.0;
				PRODUCT_BUNDLE_IDENTIFIER = com.bisckoot.ViewsMastery;
				PRODUCT_NAME = "$(TARGET_NAME)";
				SWIFT_EMIT_LOC_STRINGS = YES;
				SWIFT_VERSION = 5.0;
				TARGETED_DEVICE_FAMILY = "1,2";
			};
			name = Release;
		};
/* End XCBuildConfiguration section */

/* Begin XCConfigurationList section */
		EE0827752B6FF7FB001585D4 /* Build configuration list for PBXProject "ViewsMastery" */ = {
			isa = XCConfigurationList;
			buildConfigurations = (
				EE0827862B6FF7FD001585D4 /* Debug */,
				EE0827872B6FF7FD001585D4 /* Release */,
			);
			defaultConfigurationIsVisible = 0;
			defaultConfigurationName = Release;
		};
		EE0827882B6FF7FD001585D4 /* Build configuration list for PBXNativeTarget "ViewsMastery" */ = {
			isa = XCConfigurationList;
			buildConfigurations = (
				EE0827892B6FF7FD001585D4 /* Debug */,
				EE08278A2B6FF7FD001585D4 /* Release */,
			);
			defaultConfigurationIsVisible = 0;
			defaultConfigurationName = Release;
		};
/* End XCConfigurationList section */
	};
	rootObject = EE0827722B6FF7FB001585D4 /* Project object */;
}
